# This file is generated by running "yarn install" inside your project.
# Manual changes might be lost - proceed with caution!

__metadata:
  version: 6
  cacheKey: 8

"@jridgewell/gen-mapping@npm:^0.3.0":
  version: 0.3.2
  resolution: "@jridgewell/gen-mapping@npm:0.3.2"
  dependencies:
    "@jridgewell/set-array": ^1.0.1
    "@jridgewell/sourcemap-codec": ^1.4.10
    "@jridgewell/trace-mapping": ^0.3.9
  checksum: 1832707a1c476afebe4d0fbbd4b9434fdb51a4c3e009ab1e9938648e21b7a97049fa6009393bdf05cab7504108413441df26d8a3c12193996e65493a4efb6882
  languageName: node
  linkType: hard

"@jridgewell/resolve-uri@npm:^3.0.3":
  version: 3.1.0
  resolution: "@jridgewell/resolve-uri@npm:3.1.0"
  checksum: b5ceaaf9a110fcb2780d1d8f8d4a0bfd216702f31c988d8042e5f8fbe353c55d9b0f55a1733afdc64806f8e79c485d2464680ac48a0d9fcadb9548ee6b81d267
  languageName: node
  linkType: hard

"@jridgewell/set-array@npm:^1.0.1":
  version: 1.1.2
  resolution: "@jridgewell/set-array@npm:1.1.2"
  checksum: 69a84d5980385f396ff60a175f7177af0b8da4ddb81824cb7016a9ef914eee9806c72b6b65942003c63f7983d4f39a5c6c27185bbca88eb4690b62075602e28e
  languageName: node
  linkType: hard

"@jridgewell/source-map@npm:^0.3.2":
  version: 0.3.2
  resolution: "@jridgewell/source-map@npm:0.3.2"
  dependencies:
    "@jridgewell/gen-mapping": ^0.3.0
    "@jridgewell/trace-mapping": ^0.3.9
  checksum: 1b83f0eb944e77b70559a394d5d3b3f98a81fcc186946aceb3ef42d036762b52ef71493c6c0a3b7c1d2f08785f53ba2df1277fe629a06e6109588ff4cdcf7482
  languageName: node
  linkType: hard

"@jridgewell/sourcemap-codec@npm:^1.4.10":
  version: 1.4.14
  resolution: "@jridgewell/sourcemap-codec@npm:1.4.14"
  checksum: 61100637b6d173d3ba786a5dff019e1a74b1f394f323c1fee337ff390239f053b87266c7a948777f4b1ee68c01a8ad0ab61e5ff4abb5a012a0b091bec391ab97
  languageName: node
  linkType: hard

"@jridgewell/trace-mapping@npm:^0.3.7, @jridgewell/trace-mapping@npm:^0.3.9":
  version: 0.3.14
  resolution: "@jridgewell/trace-mapping@npm:0.3.14"
  dependencies:
    "@jridgewell/resolve-uri": ^3.0.3
    "@jridgewell/sourcemap-codec": ^1.4.10
  checksum: b9537b9630ffb631aef9651a085fe361881cde1772cd482c257fe3c78c8fd5388d681f504a9c9fe1081b1c05e8f75edf55ee10fdb58d92bbaa8dbf6a7bd6b18c
  languageName: node
  linkType: hard

"@types/eslint-scope@npm:^3.7.3":
  version: 3.7.4
  resolution: "@types/eslint-scope@npm:3.7.4"
  dependencies:
    "@types/eslint": "*"
    "@types/estree": "*"
  checksum: ea6a9363e92f301cd3888194469f9ec9d0021fe0a397a97a6dd689e7545c75de0bd2153dfb13d3ab532853a278b6572c6f678ce846980669e41029d205653460
  languageName: node
  linkType: hard

"@types/eslint@npm:*":
  version: 8.4.5
  resolution: "@types/eslint@npm:8.4.5"
  dependencies:
    "@types/estree": "*"
    "@types/json-schema": "*"
  checksum: 428b0c971a50adb0d08621e76f21b284580a0052a31341a0e6d553f72b54cd0142d549aa1497c7e3bc56e9f6bcc27286e66e0216e1ba76d1a5ecd2279c40bc8c
  languageName: node
  linkType: hard

"@types/estree@npm:*":
  version: 1.0.0
  resolution: "@types/estree@npm:1.0.0"
  checksum: 910d97fb7092c6738d30a7430ae4786a38542023c6302b95d46f49420b797f21619cdde11fa92b338366268795884111c2eb10356e4bd2c8ad5b92941e9e6443
  languageName: node
  linkType: hard

"@types/estree@npm:^0.0.51":
  version: 0.0.51
  resolution: "@types/estree@npm:0.0.51"
  checksum: e56a3bcf759fd9185e992e7fdb3c6a5f81e8ff120e871641607581fb3728d16c811702a7d40fa5f869b7f7b4437ab6a87eb8d98ffafeee51e85bbe955932a189
  languageName: node
  linkType: hard

"@types/json-schema@npm:*, @types/json-schema@npm:^7.0.8":
  version: 7.0.11
  resolution: "@types/json-schema@npm:7.0.11"
  checksum: 527bddfe62db9012fccd7627794bd4c71beb77601861055d87e3ee464f2217c85fca7a4b56ae677478367bbd248dbde13553312b7d4dbc702a2f2bbf60c4018d
  languageName: node
  linkType: hard

"@types/luxon@npm:^1.4.0":
  version: 1.27.1
  resolution: "@types/luxon@npm:1.27.1"
  checksum: 732405c7459dd9f991cff056b801620b92d7c18ddad3cd7c6d3b9c2de714dbfca0c48fc103a5544d19c6e7b9bb7a954bbd2369b30733c680a4633fa60cb03f1f
  languageName: node
  linkType: hard

"@types/node@npm:*":
  version: 18.6.2
  resolution: "@types/node@npm:18.6.2"
  checksum: 644c460baedb1fbbd55369ab621167cb39ddaa727fd4fcf4bc7080183cf936d7ff8c2c886ba93ff42768d6f7a579a540e6d1e63d3adba4e5758fb13671ae68ce
  languageName: node
  linkType: hard

"@types/node@npm:^12.0.8":
  version: 12.20.55
  resolution: "@types/node@npm:12.20.55"
  checksum: e4f86785f4092706e0d3b0edff8dca5a13b45627e4b36700acd8dfe6ad53db71928c8dee914d4276c7fd3b6ccd829aa919811c9eb708a2c8e4c6eb3701178c37
  languageName: node
  linkType: hard

"@webassemblyjs/ast@npm:1.11.1":
  version: 1.11.1
  resolution: "@webassemblyjs/ast@npm:1.11.1"
  dependencies:
    "@webassemblyjs/helper-numbers": 1.11.1
    "@webassemblyjs/helper-wasm-bytecode": 1.11.1
  checksum: 1eee1534adebeece635362f8e834ae03e389281972611408d64be7895fc49f48f98fddbbb5339bf8a72cb101bcb066e8bca3ca1bf1ef47dadf89def0395a8d87
  languageName: node
  linkType: hard

"@webassemblyjs/floating-point-hex-parser@npm:1.11.1":
  version: 1.11.1
  resolution: "@webassemblyjs/floating-point-hex-parser@npm:1.11.1"
  checksum: b8efc6fa08e4787b7f8e682182d84dfdf8da9d9c77cae5d293818bc4a55c1f419a87fa265ab85252b3e6c1fd323d799efea68d825d341a7c365c64bc14750e97
  languageName: node
  linkType: hard

"@webassemblyjs/helper-api-error@npm:1.11.1":
  version: 1.11.1
  resolution: "@webassemblyjs/helper-api-error@npm:1.11.1"
  checksum: 0792813f0ed4a0e5ee0750e8b5d0c631f08e927f4bdfdd9fe9105dc410c786850b8c61bff7f9f515fdfb149903bec3c976a1310573a4c6866a94d49bc7271959
  languageName: node
  linkType: hard

"@webassemblyjs/helper-buffer@npm:1.11.1":
  version: 1.11.1
  resolution: "@webassemblyjs/helper-buffer@npm:1.11.1"
  checksum: a337ee44b45590c3a30db5a8b7b68a717526cf967ada9f10253995294dbd70a58b2da2165222e0b9830cd4fc6e4c833bf441a721128d1fe2e9a7ab26b36003ce
  languageName: node
  linkType: hard

"@webassemblyjs/helper-numbers@npm:1.11.1":
  version: 1.11.1
  resolution: "@webassemblyjs/helper-numbers@npm:1.11.1"
  dependencies:
    "@webassemblyjs/floating-point-hex-parser": 1.11.1
    "@webassemblyjs/helper-api-error": 1.11.1
    "@xtuc/long": 4.2.2
  checksum: 44d2905dac2f14d1e9b5765cf1063a0fa3d57295c6d8930f6c59a36462afecc6e763e8a110b97b342a0f13376166c5d41aa928e6ced92e2f06b071fd0db59d3a
  languageName: node
  linkType: hard

"@webassemblyjs/helper-wasm-bytecode@npm:1.11.1":
  version: 1.11.1
  resolution: "@webassemblyjs/helper-wasm-bytecode@npm:1.11.1"
  checksum: eac400113127832c88f5826bcc3ad1c0db9b3dbd4c51a723cfdb16af6bfcbceb608170fdaac0ab7731a7e18b291be7af68a47fcdb41cfe0260c10857e7413d97
  languageName: node
  linkType: hard

"@webassemblyjs/helper-wasm-section@npm:1.11.1":
  version: 1.11.1
  resolution: "@webassemblyjs/helper-wasm-section@npm:1.11.1"
  dependencies:
    "@webassemblyjs/ast": 1.11.1
    "@webassemblyjs/helper-buffer": 1.11.1
    "@webassemblyjs/helper-wasm-bytecode": 1.11.1
    "@webassemblyjs/wasm-gen": 1.11.1
  checksum: 617696cfe8ecaf0532763162aaf748eb69096fb27950219bb87686c6b2e66e11cd0614d95d319d0ab1904bc14ebe4e29068b12c3e7c5e020281379741fe4bedf
  languageName: node
  linkType: hard

"@webassemblyjs/ieee754@npm:1.11.1":
  version: 1.11.1
  resolution: "@webassemblyjs/ieee754@npm:1.11.1"
  dependencies:
    "@xtuc/ieee754": ^1.2.0
  checksum: 23a0ac02a50f244471631802798a816524df17e56b1ef929f0c73e3cde70eaf105a24130105c60aff9d64a24ce3b640dad443d6f86e5967f922943a7115022ec
  languageName: node
  linkType: hard

"@webassemblyjs/leb128@npm:1.11.1":
  version: 1.11.1
  resolution: "@webassemblyjs/leb128@npm:1.11.1"
  dependencies:
    "@xtuc/long": 4.2.2
  checksum: 33ccc4ade2f24de07bf31690844d0b1ad224304ee2062b0e464a610b0209c79e0b3009ac190efe0e6bd568b0d1578d7c3047fc1f9d0197c92fc061f56224ff4a
  languageName: node
  linkType: hard

"@webassemblyjs/utf8@npm:1.11.1":
  version: 1.11.1
  resolution: "@webassemblyjs/utf8@npm:1.11.1"
  checksum: 972c5cfc769d7af79313a6bfb96517253a270a4bf0c33ba486aa43cac43917184fb35e51dfc9e6b5601548cd5931479a42e42c89a13bb591ffabebf30c8a6a0b
  languageName: node
  linkType: hard

"@webassemblyjs/wasm-edit@npm:1.11.1":
  version: 1.11.1
  resolution: "@webassemblyjs/wasm-edit@npm:1.11.1"
  dependencies:
    "@webassemblyjs/ast": 1.11.1
    "@webassemblyjs/helper-buffer": 1.11.1
    "@webassemblyjs/helper-wasm-bytecode": 1.11.1
    "@webassemblyjs/helper-wasm-section": 1.11.1
    "@webassemblyjs/wasm-gen": 1.11.1
    "@webassemblyjs/wasm-opt": 1.11.1
    "@webassemblyjs/wasm-parser": 1.11.1
    "@webassemblyjs/wast-printer": 1.11.1
  checksum: 6d7d9efaec1227e7ef7585a5d7ff0be5f329f7c1c6b6c0e906b18ed2e9a28792a5635e450aca2d136770d0207225f204eff70a4b8fd879d3ac79e1dcc26dbeb9
  languageName: node
  linkType: hard

"@webassemblyjs/wasm-gen@npm:1.11.1":
  version: 1.11.1
  resolution: "@webassemblyjs/wasm-gen@npm:1.11.1"
  dependencies:
    "@webassemblyjs/ast": 1.11.1
    "@webassemblyjs/helper-wasm-bytecode": 1.11.1
    "@webassemblyjs/ieee754": 1.11.1
    "@webassemblyjs/leb128": 1.11.1
    "@webassemblyjs/utf8": 1.11.1
  checksum: 1f6921e640293bf99fb16b21e09acb59b340a79f986c8f979853a0ae9f0b58557534b81e02ea2b4ef11e929d946708533fd0693c7f3712924128fdafd6465f5b
  languageName: node
  linkType: hard

"@webassemblyjs/wasm-opt@npm:1.11.1":
  version: 1.11.1
  resolution: "@webassemblyjs/wasm-opt@npm:1.11.1"
  dependencies:
    "@webassemblyjs/ast": 1.11.1
    "@webassemblyjs/helper-buffer": 1.11.1
    "@webassemblyjs/wasm-gen": 1.11.1
    "@webassemblyjs/wasm-parser": 1.11.1
  checksum: 21586883a20009e2b20feb67bdc451bbc6942252e038aae4c3a08e6f67b6bae0f5f88f20bfc7bd0452db5000bacaf5ab42b98cf9aa034a6c70e9fc616142e1db
  languageName: node
  linkType: hard

"@webassemblyjs/wasm-parser@npm:1.11.1":
  version: 1.11.1
  resolution: "@webassemblyjs/wasm-parser@npm:1.11.1"
  dependencies:
    "@webassemblyjs/ast": 1.11.1
    "@webassemblyjs/helper-api-error": 1.11.1
    "@webassemblyjs/helper-wasm-bytecode": 1.11.1
    "@webassemblyjs/ieee754": 1.11.1
    "@webassemblyjs/leb128": 1.11.1
    "@webassemblyjs/utf8": 1.11.1
  checksum: 1521644065c360e7b27fad9f4bb2df1802d134dd62937fa1f601a1975cde56bc31a57b6e26408b9ee0228626ff3ba1131ae6f74ffb7d718415b6528c5a6dbfc2
  languageName: node
  linkType: hard

"@webassemblyjs/wast-printer@npm:1.11.1":
  version: 1.11.1
  resolution: "@webassemblyjs/wast-printer@npm:1.11.1"
  dependencies:
    "@webassemblyjs/ast": 1.11.1
    "@xtuc/long": 4.2.2
  checksum: f15ae4c2441b979a3b4fce78f3d83472fb22350c6dc3fd34bfe7c3da108e0b2360718734d961bba20e7716cb8578e964b870da55b035e209e50ec9db0378a3f7
  languageName: node
  linkType: hard

"@xtuc/ieee754@npm:^1.2.0":
  version: 1.2.0
  resolution: "@xtuc/ieee754@npm:1.2.0"
  checksum: ac56d4ca6e17790f1b1677f978c0c6808b1900a5b138885d3da21732f62e30e8f0d9120fcf8f6edfff5100ca902b46f8dd7c1e3f903728634523981e80e2885a
  languageName: node
  linkType: hard

"@xtuc/long@npm:4.2.2":
  version: 4.2.2
  resolution: "@xtuc/long@npm:4.2.2"
  checksum: 8ed0d477ce3bc9c6fe2bf6a6a2cc316bb9c4127c5a7827bae947fa8ec34c7092395c5a283cc300c05b5fa01cbbfa1f938f410a7bf75db7c7846fea41949989ec
  languageName: node
  linkType: hard

"acorn-import-assertions@npm:^1.7.6":
  version: 1.8.0
  resolution: "acorn-import-assertions@npm:1.8.0"
  peerDependencies:
    acorn: ^8
  checksum: 5c4cf7c850102ba7ae0eeae0deb40fb3158c8ca5ff15c0bca43b5c47e307a1de3d8ef761788f881343680ea374631ae9e9615ba8876fee5268dbe068c98bcba6
  languageName: node
  linkType: hard

"acorn@npm:^8.5.0, acorn@npm:^8.7.1":
  version: 8.8.0
  resolution: "acorn@npm:8.8.0"
  bin:
    acorn: bin/acorn
  checksum: 7270ca82b242eafe5687a11fea6e088c960af712683756abf0791b68855ea9cace3057bd5e998ffcef50c944810c1e0ca1da526d02b32110e13c722aa959afdc
  languageName: node
  linkType: hard

"ajv-keywords@npm:^3.5.2":
  version: 3.5.2
  resolution: "ajv-keywords@npm:3.5.2"
  peerDependencies:
    ajv: ^6.9.1
  checksum: 7dc5e5931677a680589050f79dcbe1fefbb8fea38a955af03724229139175b433c63c68f7ae5f86cf8f65d55eb7c25f75a046723e2e58296707617ca690feae9
  languageName: node
  linkType: hard

"ajv@npm:^6.12.5":
  version: 6.12.6
  resolution: "ajv@npm:6.12.6"
  dependencies:
    fast-deep-equal: ^3.1.1
    fast-json-stable-stringify: ^2.0.0
    json-schema-traverse: ^0.4.1
    uri-js: ^4.2.2
  checksum: 874972efe5c4202ab0a68379481fbd3d1b5d0a7bd6d3cc21d40d3536ebff3352a2a1fabb632d4fd2cc7fe4cbdcd5ed6782084c9bbf7f32a1536d18f9da5007d4
  languageName: node
  linkType: hard

"browserslist@npm:^4.14.5":
  version: 4.21.3
  resolution: "browserslist@npm:4.21.3"
  dependencies:
    caniuse-lite: ^1.0.30001370
    electron-to-chromium: ^1.4.202
    node-releases: ^2.0.6
    update-browserslist-db: ^1.0.5
  bin:
    browserslist: cli.js
  checksum: ff512a7bcca1c530e2854bbdfc7be2791d0fb524097a6340e56e1d5924164c7e4e0a9b070de04cdc4c149d15cb4d4275cb7c626ebbce954278a2823aaad2452a
  languageName: node
  linkType: hard

"buffer-from@npm:^1.0.0":
  version: 1.1.2
  resolution: "buffer-from@npm:1.1.2"
  checksum: 0448524a562b37d4d7ed9efd91685a5b77a50672c556ea254ac9a6d30e3403a517d8981f10e565db24e8339413b43c97ca2951f10e399c6125a0d8911f5679bb
  languageName: node
  linkType: hard

"camelcase@npm:^4.1.0":
  version: 4.1.0
  resolution: "camelcase@npm:4.1.0"
  checksum: 9683356daf9b64fae4b30c91f8ceb1f34f22746e03d1804efdbe738357d38b47f206cdd71efcf2ed72018b2e88eeb8ec3f79adb09c02f1253a4b6d5d405ff2ae
  languageName: node
  linkType: hard

"caniuse-lite@npm:^1.0.30001370":
  version: 1.0.30001373
  resolution: "caniuse-lite@npm:1.0.30001373"
  checksum: cd2f027e2fcf66ed3b0e3eccec89df871f951f2e7600944fae2c3f6f1c37ac82392e573c279e15bf851b75f9696472e38d33fd52d964819ffb8af7af4078ceba
  languageName: node
  linkType: hard

"capitalize@npm:^1.0.0":
  version: 1.0.0
  resolution: "capitalize@npm:1.0.0"
  checksum: 7fb1d03f459b14c151f30ad8bc5ab31d5826075d0106b1c734ea1177344983e98d8f6949f4ef9ca2927721c056a8a321ce9e37bd8318aba9068f8bd472b770da
  languageName: node
  linkType: hard

"chrome-trace-event@npm:^1.0.2":
  version: 1.0.3
  resolution: "chrome-trace-event@npm:1.0.3"
  checksum: cb8b1fc7e881aaef973bd0c4a43cd353c2ad8323fb471a041e64f7c2dd849cde4aad15f8b753331a32dda45c973f032c8a03b8177fc85d60eaa75e91e08bfb97
  languageName: node
  linkType: hard

"clone@npm:^1.0.2":
  version: 1.0.4
  resolution: "clone@npm:1.0.4"
  checksum: d06418b7335897209e77bdd430d04f882189582e67bd1f75a04565f3f07f5b3f119a9d670c943b6697d0afb100f03b866b3b8a1f91d4d02d72c4ecf2bb64b5dd
  languageName: node
  linkType: hard

"commander@npm:^2.20.0":
  version: 2.20.3
  resolution: "commander@npm:2.20.3"
  checksum: ab8c07884e42c3a8dbc5dd9592c606176c7eb5c1ca5ff274bcf907039b2c41de3626f684ea75ccf4d361ba004bbaff1f577d5384c155f3871e456bdf27becf9e
  languageName: node
  linkType: hard

"crypto-js@npm:^3.1.9-1":
  version: 3.3.0
  resolution: "crypto-js@npm:3.3.0"
  checksum: 193923143a4784b2f974366068d96fe8280168fd3fef2bfea9551a5c3e32096f5a8fa49ff4eeb5bd0b9716d325618d38cfbe6125e359a4ef488fbca93e600824
  languageName: node
  linkType: hard

"defaults@npm:^1.0.3":
  version: 1.0.3
  resolution: "defaults@npm:1.0.3"
  dependencies:
    clone: ^1.0.2
  checksum: 96e2112da6553d376afd5265ea7cbdb2a3b45535965d71ab8bb1da10c8126d168fdd5268799625324b368356d21ba2a7b3d4ec50961f11a47b7feb9de3d4413e
  languageName: node
  linkType: hard

"electron-to-chromium@npm:^1.4.202":
  version: 1.4.204
  resolution: "electron-to-chromium@npm:1.4.204"
  checksum: a0278e6af121bfcaeb3d0674b0762a2fd7c8f5af4a793e4f3f82275dec4a038e723174c92742be8c125a2c98a39f39b938a981596cc3c23f2eb7a01848e25950
  languageName: node
  linkType: hard

"enhanced-resolve@npm:^5.10.0":
  version: 5.10.0
  resolution: "enhanced-resolve@npm:5.10.0"
  dependencies:
    graceful-fs: ^4.2.4
    tapable: ^2.2.0
  checksum: 0bb9830704db271610f900e8d79d70a740ea16f251263362b0c91af545576d09fe50103496606c1300a05e588372d6f9780a9bc2e30ce8ef9b827ec8f44687ff
  languageName: node
  linkType: hard

"es-module-lexer@npm:^0.9.0":
  version: 0.9.3
  resolution: "es-module-lexer@npm:0.9.3"
  checksum: 84bbab23c396281db2c906c766af58b1ae2a1a2599844a504df10b9e8dc77ec800b3211fdaa133ff700f5703d791198807bba25d9667392d27a5e9feda344da8
  languageName: node
  linkType: hard

"escalade@npm:^3.1.1":
  version: 3.1.1
  resolution: "escalade@npm:3.1.1"
  checksum: a3e2a99f07acb74b3ad4989c48ca0c3140f69f923e56d0cba0526240ee470b91010f9d39001f2a4a313841d237ede70a729e92125191ba5d21e74b106800b133
  languageName: node
  linkType: hard

"eslint-scope@npm:5.1.1":
  version: 5.1.1
  resolution: "eslint-scope@npm:5.1.1"
  dependencies:
    esrecurse: ^4.3.0
    estraverse: ^4.1.1
  checksum: 47e4b6a3f0cc29c7feedee6c67b225a2da7e155802c6ea13bbef4ac6b9e10c66cd2dcb987867ef176292bf4e64eccc680a49e35e9e9c669f4a02bac17e86abdb
  languageName: node
  linkType: hard

"esrecurse@npm:^4.3.0":
  version: 4.3.0
  resolution: "esrecurse@npm:4.3.0"
  dependencies:
    estraverse: ^5.2.0
  checksum: ebc17b1a33c51cef46fdc28b958994b1dc43cd2e86237515cbc3b4e5d2be6a811b2315d0a1a4d9d340b6d2308b15322f5c8291059521cc5f4802f65e7ec32837
  languageName: node
  linkType: hard

"esrever@npm:^0.2.0":
  version: 0.2.0
  resolution: "esrever@npm:0.2.0"
  bin:
    esrever: bin/esrever
  checksum: 2404ae76ff8f04979c9e2eba4d5b1c03b07bb754f284af1115d1566c27660a3f42bb7c64e3a08deed6e7ce5aea12ffe3cb130955d619d278323ac5482300b144
  languageName: node
  linkType: hard

"estraverse@npm:^4.1.1":
  version: 4.3.0
  resolution: "estraverse@npm:4.3.0"
  checksum: a6299491f9940bb246124a8d44b7b7a413a8336f5436f9837aaa9330209bd9ee8af7e91a654a3545aee9c54b3308e78ee360cef1d777d37cfef77d2fa33b5827
  languageName: node
  linkType: hard

"estraverse@npm:^5.2.0":
  version: 5.3.0
  resolution: "estraverse@npm:5.3.0"
  checksum: 072780882dc8416ad144f8fe199628d2b3e7bbc9989d9ed43795d2c90309a2047e6bc5979d7e2322a341163d22cfad9e21f4110597fe487519697389497e4e2b
  languageName: node
  linkType: hard

"events@npm:^3.2.0":
  version: 3.3.0
  resolution: "events@npm:3.3.0"
  checksum: f6f487ad2198aa41d878fa31452f1a3c00958f46e9019286ff4787c84aac329332ab45c9cdc8c445928fc6d7ded294b9e005a7fce9426488518017831b272780
  languageName: node
  linkType: hard

"fast-deep-equal@npm:^3.1.1":
  version: 3.1.3
  resolution: "fast-deep-equal@npm:3.1.3"
  checksum: e21a9d8d84f53493b6aa15efc9cfd53dd5b714a1f23f67fb5dc8f574af80df889b3bce25dc081887c6d25457cce704e636395333abad896ccdec03abaf1f3f9d
  languageName: node
  linkType: hard

"fast-json-stable-stringify@npm:^2.0.0":
  version: 2.1.0
  resolution: "fast-json-stable-stringify@npm:2.1.0"
  checksum: b191531e36c607977e5b1c47811158733c34ccb3bfde92c44798929e9b4154884378536d26ad90dfecd32e1ffc09c545d23535ad91b3161a27ddbb8ebe0cbecb
  languageName: node
  linkType: hard

"fs-extra@npm:^5.0.0":
  version: 5.0.0
  resolution: "fs-extra@npm:5.0.0"
  dependencies:
    graceful-fs: ^4.1.2
    jsonfile: ^4.0.0
    universalify: ^0.1.0
  checksum: b3dcaf1d545097013c4fa649951c85cad1b845316ab473cc3440254a45e9b0b17d8ca9355af477e982c7d126f1a30417bcf78b1f744593ce77a0f43165f2d5e5
  languageName: node
  linkType: hard

"glob-to-regexp@npm:^0.4.1":
  version: 0.4.1
  resolution: "glob-to-regexp@npm:0.4.1"
  checksum: e795f4e8f06d2a15e86f76e4d92751cf8bbfcf0157cea5c2f0f35678a8195a750b34096b1256e436f0cebc1883b5ff0888c47348443e69546a5a87f9e1eb1167
  languageName: node
  linkType: hard

"graceful-fs@npm:^4.1.2, graceful-fs@npm:^4.1.6, graceful-fs@npm:^4.2.4, graceful-fs@npm:^4.2.9":
  version: 4.2.10
  resolution: "graceful-fs@npm:4.2.10"
  checksum: 3f109d70ae123951905d85032ebeae3c2a5a7a997430df00ea30df0e3a6c60cf6689b109654d6fdacd28810a053348c4d14642da1d075049e6be1ba5216218da
  languageName: node
  linkType: hard

"has-flag@npm:^4.0.0":
  version: 4.0.0
  resolution: "has-flag@npm:4.0.0"
  checksum: 261a1357037ead75e338156b1f9452c016a37dcd3283a972a30d9e4a87441ba372c8b81f818cd0fbcd9c0354b4ae7e18b9e1afa1971164aef6d18c2b6095a8ad
  languageName: node
  linkType: hard

"htmlspecialchars@npm:^1.0.5":
  version: 1.0.5
  resolution: "htmlspecialchars@npm:1.0.5"
  checksum: 81d51df9abe39f714c6f3dbabb115dbe8ddd431f8cba720cfb8a0a9f154e0d81087bbbdc039a21d50c86140277be70180c429ff570e88fe4a4a5880a1d253c6d
  languageName: node
  linkType: hard

"iconv-lite@npm:^0.4.19":
  version: 0.4.24
  resolution: "iconv-lite@npm:0.4.24"
  dependencies:
    safer-buffer: ">= 2.1.2 < 3"
  checksum: bd9f120f5a5b306f0bc0b9ae1edeb1577161503f5f8252a20f1a9e56ef8775c9959fd01c55f2d3a39d9a8abaf3e30c1abeb1895f367dcbbe0a8fd1c9ca01c4f6
  languageName: node
  linkType: hard

"is-finite@npm:^1.0.0":
  version: 1.1.0
  resolution: "is-finite@npm:1.1.0"
  checksum: 532b97ed3d03e04c6bd203984d9e4ba3c0c390efee492bad5d1d1cd1802a68ab27adbd3ef6382f6312bed6c8bb1bd3e325ea79a8dc8fe080ed7a06f5f97b93e7
  languageName: node
  linkType: hard

"is-integer@npm:^1.0.7":
  version: 1.0.7
  resolution: "is-integer@npm:1.0.7"
  dependencies:
    is-finite: ^1.0.0
  checksum: e57ab783fa401df8f86a80f8e47d3e7dfdd19a0acb7183d7bb1e55830364172d7035b6980e98d856a2508b261923803d800c2a430c1e6801d9792c3394827f30
  languageName: node
  linkType: hard

"is-number@npm:^5.0.0":
  version: 5.0.0
  resolution: "is-number@npm:5.0.0"
  checksum: 3092943a4efc39b44488d8232eb19a3c43e2d93fb5e7efa9bde0d111e84d67c9363eac25b2be6d46a5105c79823d03fc247a8a000594edecbddf00f471105e00
  languageName: node
  linkType: hard

"is-plain-object@npm:^2.0.4":
  version: 2.0.4
  resolution: "is-plain-object@npm:2.0.4"
  dependencies:
    isobject: ^3.0.1
  checksum: 2a401140cfd86cabe25214956ae2cfee6fbd8186809555cd0e84574f88de7b17abacb2e477a6a658fa54c6083ecbda1e6ae404c7720244cd198903848fca70ca
  languageName: node
  linkType: hard

"isobject@npm:^3.0.1":
  version: 3.0.1
  resolution: "isobject@npm:3.0.1"
  checksum: db85c4c970ce30693676487cca0e61da2ca34e8d4967c2e1309143ff910c207133a969f9e4ddb2dc6aba670aabce4e0e307146c310350b298e74a31f7d464703
  languageName: node
  linkType: hard

"jest-worker@npm:^27.4.5":
  version: 27.5.1
  resolution: "jest-worker@npm:27.5.1"
  dependencies:
    "@types/node": "*"
    merge-stream: ^2.0.0
    supports-color: ^8.0.0
  checksum: 98cd68b696781caed61c983a3ee30bf880b5bd021c01d98f47b143d4362b85d0737f8523761e2713d45e18b4f9a2b98af1eaee77afade4111bb65c77d6f7c980
  languageName: node
  linkType: hard

"json-parse-even-better-errors@npm:^2.3.1":
  version: 2.3.1
  resolution: "json-parse-even-better-errors@npm:2.3.1"
  checksum: 798ed4cf3354a2d9ccd78e86d2169515a0097a5c133337807cdf7f1fc32e1391d207ccfc276518cc1d7d8d4db93288b8a50ba4293d212ad1336e52a8ec0a941f
  languageName: node
  linkType: hard

"json-schema-traverse@npm:^0.4.1":
  version: 0.4.1
  resolution: "json-schema-traverse@npm:0.4.1"
  checksum: 7486074d3ba247769fda17d5181b345c9fb7d12e0da98b22d1d71a5db9698d8b4bd900a3ec1a4ffdd60846fc2556274a5c894d0c48795f14cb03aeae7b55260b
  languageName: node
  linkType: hard

"jsonfile@npm:^4.0.0":
  version: 4.0.0
  resolution: "jsonfile@npm:4.0.0"
  dependencies:
    graceful-fs: ^4.1.6
  dependenciesMeta:
    graceful-fs:
      optional: true
  checksum: 6447d6224f0d31623eef9b51185af03ac328a7553efcee30fa423d98a9e276ca08db87d71e17f2310b0263fd3ffa6c2a90a6308367f661dc21580f9469897c9e
  languageName: node
  linkType: hard

"levenshtein@npm:^1.0.5":
  version: 1.0.5
  resolution: "levenshtein@npm:1.0.5"
  checksum: d5ceca3bfc4804ad50515291841d968eea5f1f740310c21b5ae6cb6d5514ee68b9c00405059f36934611d3258967bad6d306dcf299f446c7cdd25bdda2c4720c
  languageName: node
  linkType: hard

"loader-runner@npm:^4.2.0":
  version: 4.3.0
  resolution: "loader-runner@npm:4.3.0"
  checksum: a90e00dee9a16be118ea43fec3192d0b491fe03a32ed48a4132eb61d498f5536a03a1315531c19d284392a8726a4ecad71d82044c28d7f22ef62e029bf761569
  languageName: node
  linkType: hard

"locutus@npm:^2.0.11":
  version: 2.0.16
  resolution: "locutus@npm:2.0.16"
  checksum: 69eaaf119462d54fd55d1f23c15df8365a36c610520a30d7a456046369dae7530ece938783cda7f5e051a0c15655bb2c15110b3ef725fb46a762975be3b50d07
  languageName: node
  linkType: hard

"lodash@npm:^4.17.10":
  version: 4.17.21
  resolution: "lodash@npm:4.17.21"
  checksum: eb835a2e51d381e561e508ce932ea50a8e5a68f4ebdd771ea240d3048244a8d13658acbd502cd4829768c56f2e16bdd4340b9ea141297d472517b83868e677f7
  languageName: node
  linkType: hard

"lower-case@npm:^1.1.1":
  version: 1.1.4
  resolution: "lower-case@npm:1.1.4"
  checksum: 1ca9393b5eaef94a64e3f89e38b63d15bc7182a91171e6ad1550f51d710ec941540a065b274188f2e6b4576110cc2d11b50bc4bb7c603a040ddeb1db4ca95197
  languageName: node
  linkType: hard

"luxon@npm:^1.19.3":
  version: 1.28.0
  resolution: "luxon@npm:1.28.0"
  checksum: 5250cb9f138b6048eeb0b3a9044a4ac994d0058f680c72a0da4b6aeaec8612460385639cba2b1052ef6d5564879e9ed144d686f26d9d97b38ab920d82e18281c
  languageName: node
  linkType: hard

"merge-stream@npm:^2.0.0":
  version: 2.0.0
  resolution: "merge-stream@npm:2.0.0"
  checksum: 6fa4dcc8d86629705cea944a4b88ef4cb0e07656ebf223fa287443256414283dd25d91c1cd84c77987f2aec5927af1a9db6085757cb43d90eb170ebf4b47f4f4
  languageName: node
  linkType: hard

"merge@npm:^1.2.1":
  version: 1.2.1
  resolution: "merge@npm:1.2.1"
  checksum: 2298c4fdcf64561f320b92338681f7ffcafafb579a6e294066ae3e7bd10ae25df363903d2f028072733b9f79a1f75d2b999aef98ad5d73de13641da39cda0913
  languageName: node
  linkType: hard

"mime-db@npm:1.52.0":
  version: 1.52.0
  resolution: "mime-db@npm:1.52.0"
  checksum: 0d99a03585f8b39d68182803b12ac601d9c01abfa28ec56204fa330bc9f3d1c5e14beb049bafadb3dbdf646dfb94b87e24d4ec7b31b7279ef906a8ea9b6a513f
  languageName: node
  linkType: hard

"mime-types@npm:^2.1.27":
  version: 2.1.35
  resolution: "mime-types@npm:2.1.35"
  dependencies:
    mime-db: 1.52.0
  checksum: 89a5b7f1def9f3af5dad6496c5ed50191ae4331cc5389d7c521c8ad28d5fdad2d06fd81baf38fed813dc4e46bb55c8145bb0ff406330818c9cf712fb2e9b3836
  languageName: node
  linkType: hard

"neo-async@npm:^2.6.2":
  version: 2.6.2
  resolution: "neo-async@npm:2.6.2"
  checksum: deac9f8d00eda7b2e5cd1b2549e26e10a0faa70adaa6fdadca701cc55f49ee9018e427f424bac0c790b7c7e2d3068db97f3093f1093975f2acb8f8818b936ed9
  languageName: node
  linkType: hard

"no-case@npm:^2.2.0":
  version: 2.3.2
  resolution: "no-case@npm:2.3.2"
  dependencies:
    lower-case: ^1.1.1
  checksum: 856487731936fef44377ca74fdc5076464aba2e0734b56a4aa2b2a23d5b154806b591b9b2465faa59bb982e2b5c9391e3685400957fb4eeb38f480525adcf3dd
  languageName: node
  linkType: hard

"node-releases@npm:^2.0.6":
  version: 2.0.6
  resolution: "node-releases@npm:2.0.6"
  checksum: e86a926dc9fbb3b41b4c4a89d998afdf140e20a4e8dbe6c0a807f7b2948b42ea97d7fd3ad4868041487b6e9ee98409829c6e4d84a734a4215dff060a7fbeb4bf
  languageName: node
  linkType: hard

"object-hash@npm:^1.2.0":
  version: 1.3.1
  resolution: "object-hash@npm:1.3.1"
  checksum: fdcb957a2f15a9060e30655a9f683ba1fc25dfb8809a73d32e9634bec385a2f1d686c707ac1e5f69fb773bc12df03fb64c77ce3faeed83e35f4eb1946cb1989e
  languageName: node
  linkType: hard

"os-tmpdir@npm:~1.0.2":
  version: 1.0.2
  resolution: "os-tmpdir@npm:1.0.2"
  checksum: 5666560f7b9f10182548bf7013883265be33620b1c1b4a4d405c25be2636f970c5488ff3e6c48de75b55d02bde037249fe5dbfbb4c0fb7714953d56aed062e6d
  languageName: node
  linkType: hard

"pad@npm:^2.0.3":
  version: 2.3.0
  resolution: "pad@npm:2.3.0"
  dependencies:
    wcwidth: ^1.0.1
  checksum: 134a8d614be4939f0e5a19e647435a2f42a9f5690f8d9989aa5137c6296ed69ae923aad4955051376794a4772e0973e874fbbf541fe4dd0bb5b3546a419f8efb
  languageName: node
  linkType: hard

"picocolors@npm:^1.0.0":
  version: 1.0.0
  resolution: "picocolors@npm:1.0.0"
  checksum: a2e8092dd86c8396bdba9f2b5481032848525b3dc295ce9b57896f931e63fc16f79805144321f72976383fc249584672a75cc18d6777c6b757603f372f745981
  languageName: node
  linkType: hard

"punycode@npm:^2.1.0":
  version: 2.1.1
  resolution: "punycode@npm:2.1.1"
  checksum: 823bf443c6dd14f669984dea25757b37993f67e8d94698996064035edd43bed8a5a17a9f12e439c2b35df1078c6bec05a6c86e336209eb1061e8025c481168e8
  languageName: node
  linkType: hard

"randombytes@npm:^2.1.0":
  version: 2.1.0
  resolution: "randombytes@npm:2.1.0"
  dependencies:
    safe-buffer: ^5.1.0
  checksum: d779499376bd4cbb435ef3ab9a957006c8682f343f14089ed5f27764e4645114196e75b7f6abf1cbd84fd247c0cb0651698444df8c9bf30e62120fbbc52269d6
  languageName: node
  linkType: hard

"regex-parser@npm:^2.2.8":
  version: 2.2.11
  resolution: "regex-parser@npm:2.2.11"
  checksum: 78200331ec0cc372302d287a4946c38681eb5fe435453fca572cb53cac0ba579e5eb3b9e25eac24c0c80a555fb3ea7a637814a35da1e9bc88e8819110ae5de24
  languageName: node
  linkType: hard

"runes@npm:^0.4.3":
  version: 0.4.3
  resolution: "runes@npm:0.4.3"
  checksum: 8bb7a16eb75799fe8a3a9cb06fa622f3ee3e3d1116897ac48e8238fc40aeba74d77232d6a7b1afedc9fa96fd6075b4dbbed6c85d4e66df9b727c5056225fc177
  languageName: node
  linkType: hard

"safe-buffer@npm:^5.1.0":
  version: 5.2.1
  resolution: "safe-buffer@npm:5.2.1"
  checksum: b99c4b41fdd67a6aaf280fcd05e9ffb0813654894223afb78a31f14a19ad220bba8aba1cb14eddce1fcfb037155fe6de4e861784eb434f7d11ed58d1e70dd491
  languageName: node
  linkType: hard

"safer-buffer@npm:>= 2.1.2 < 3":
  version: 2.1.2
  resolution: "safer-buffer@npm:2.1.2"
  checksum: cab8f25ae6f1434abee8d80023d7e72b598cf1327164ddab31003c51215526801e40b66c5e65d658a0af1e9d6478cadcb4c745f4bd6751f97d8644786c0978b0
  languageName: node
  linkType: hard

"schema-utils@npm:^3.1.0, schema-utils@npm:^3.1.1":
  version: 3.1.1
  resolution: "schema-utils@npm:3.1.1"
  dependencies:
    "@types/json-schema": ^7.0.8
    ajv: ^6.12.5
    ajv-keywords: ^3.5.2
  checksum: fb73f3d759d43ba033c877628fe9751620a26879f6301d3dbeeb48cf2a65baec5cdf99da65d1bf3b4ff5444b2e59cbe4f81c2456b5e0d2ba7d7fd4aed5da29ce
  languageName: node
  linkType: hard

"serialize-javascript@npm:^6.0.0":
  version: 6.0.0
  resolution: "serialize-javascript@npm:6.0.0"
  dependencies:
    randombytes: ^2.1.0
  checksum: 56f90b562a1bdc92e55afb3e657c6397c01a902c588c0fe3d4c490efdcc97dcd2a3074ba12df9e94630f33a5ce5b76a74784a7041294628a6f4306e0ec84bf93
  languageName: node
  linkType: hard

"snake-case@npm:^2.1.0":
  version: 2.1.0
  resolution: "snake-case@npm:2.1.0"
  dependencies:
    no-case: ^2.2.0
  checksum: 7e42b4841103be4dd050b2f57f5cb423d5164524c1cb3d81efda9809265a82a2d02ddf44361beae37d75a239308e6414be85fe441dc48cd70c708cb975387d10
  languageName: node
  linkType: hard

"source-map-support@npm:~0.5.20":
  version: 0.5.21
  resolution: "source-map-support@npm:0.5.21"
  dependencies:
    buffer-from: ^1.0.0
    source-map: ^0.6.0
  checksum: 43e98d700d79af1d36f859bdb7318e601dfc918c7ba2e98456118ebc4c4872b327773e5a1df09b0524e9e5063bb18f0934538eace60cca2710d1fa687645d137
  languageName: node
  linkType: hard

"source-map@npm:^0.6.0, source-map@npm:^0.6.1":
  version: 0.6.1
  resolution: "source-map@npm:0.6.1"
  checksum: 59ce8640cf3f3124f64ac289012c2b8bd377c238e316fb323ea22fbfe83da07d81e000071d7242cad7a23cd91c7de98e4df8830ec3f133cb6133a5f6e9f67bc2
  languageName: node
  linkType: hard

"supports-color@npm:^8.0.0":
  version: 8.1.1
  resolution: "supports-color@npm:8.1.1"
  dependencies:
    has-flag: ^4.0.0
  checksum: c052193a7e43c6cdc741eb7f378df605636e01ad434badf7324f17fb60c69a880d8d8fcdcb562cf94c2350e57b937d7425ab5b8326c67c2adc48f7c87c1db406
  languageName: node
  linkType: hard

"tapable@npm:^2.1.1, tapable@npm:^2.2.0":
  version: 2.2.1
  resolution: "tapable@npm:2.2.1"
  checksum: 3b7a1b4d86fa940aad46d9e73d1e8739335efd4c48322cb37d073eb6f80f5281889bf0320c6d8ffcfa1a0dd5bfdbd0f9d037e252ef972aca595330538aac4d51
  languageName: node
  linkType: hard

"terser-webpack-plugin@npm:^5.1.3":
  version: 5.3.3
  resolution: "terser-webpack-plugin@npm:5.3.3"
  dependencies:
    "@jridgewell/trace-mapping": ^0.3.7
    jest-worker: ^27.4.5
    schema-utils: ^3.1.1
    serialize-javascript: ^6.0.0
    terser: ^5.7.2
  peerDependencies:
    webpack: ^5.1.0
  peerDependenciesMeta:
    "@swc/core":
      optional: true
    esbuild:
      optional: true
    uglify-js:
      optional: true
  checksum: 4b8d508d8a0f6e604addb286975f1fa670f8c3964a67abc03a7cfcfd4cdeca4b07dda6655e1c4425427fb62e4d2b0ca59d84f1b2cd83262ff73616d5d3ccdeb5
  languageName: node
  linkType: hard

"terser@npm:^5.7.2":
  version: 5.14.2
  resolution: "terser@npm:5.14.2"
  dependencies:
    "@jridgewell/source-map": ^0.3.2
    acorn: ^8.5.0
    commander: ^2.20.0
    source-map-support: ~0.5.20
  bin:
    terser: bin/terser
  checksum: cabb50a640d6c2cfb351e4f43dc7bf7436f649755bb83eb78b2cacda426d5e0979bd44e6f92d713f3ca0f0866e322739b9ced888ebbce6508ad872d08de74fcc
  languageName: node
  linkType: hard

"tmp@npm:0.0.33":
  version: 0.0.33
  resolution: "tmp@npm:0.0.33"
  dependencies:
    os-tmpdir: ~1.0.2
  checksum: 902d7aceb74453ea02abbf58c203f4a8fc1cead89b60b31e354f74ed5b3fb09ea817f94fb310f884a5d16987dd9fa5a735412a7c2dd088dd3d415aa819ae3a28
  languageName: node
  linkType: hard

"twig-lexer@npm:^0.7.2":
  version: 0.7.2
  resolution: "twig-lexer@npm:0.7.2"
  dependencies:
    "@types/node": ^12.0.8
  checksum: 197c41979f102f2269e23ee9db73d300371ff155c04fd5827bf24e034ca5ae03e1cf493490c4513c48470b1b59e29abf98ce4609e1d32966c5a249fedd1c5af8
  languageName: node
  linkType: hard

"twing-render-loader@workspace:.":
  version: 0.0.0-use.local
  resolution: "twing-render-loader@workspace:."
  dependencies:
    twing: ^5
    typescript: ^4.7.4
    webpack: ^5.74.0
  peerDependencies:
    webpack: ^5
  languageName: unknown
  linkType: soft

"twing@npm:^5":
  version: 5.1.1
  resolution: "twing@npm:5.1.1"
  dependencies:
    "@types/luxon": ^1.4.0
    camelcase: ^4.1.0
    capitalize: ^1.0.0
    crypto-js: ^3.1.9-1
    esrever: ^0.2.0
    fs-extra: ^5.0.0
    htmlspecialchars: ^1.0.5
    iconv-lite: ^0.4.19
    is-integer: ^1.0.7
    is-number: ^5.0.0
    is-plain-object: ^2.0.4
    isobject: ^3.0.1
    levenshtein: ^1.0.5
    locutus: ^2.0.11
    luxon: ^1.19.3
    merge: ^1.2.1
    object-hash: ^1.2.0
    pad: ^2.0.3
    regex-parser: ^2.2.8
    runes: ^0.4.3
    snake-case: ^2.1.0
    source-map: ^0.6.1
    tmp: 0.0.33
    twig-lexer: ^0.7.2
    utf8-binary-cutter: ^0.9.2
  checksum: 3a3c108bae37c287bbd92f4f2b3e3fd0b2fce5636a1873630eaa324a5bf570cb6ebf661a0f9b6a32b1f6bec49cbce7a2ac67b706b1ac351079d7cdd196ee4e03
  languageName: node
  linkType: hard

"typescript@npm:^4.7.4":
  version: 4.7.4
  resolution: "typescript@npm:4.7.4"
  bin:
    tsc: bin/tsc
    tsserver: bin/tsserver
  checksum: 5750181b1cd7e6482c4195825547e70f944114fb47e58e4aa7553e62f11b3f3173766aef9c281783edfd881f7b8299cf35e3ca8caebe73d8464528c907a164df
  languageName: node
  linkType: hard

"typescript@patch:typescript@^4.7.4#~builtin<compat/typescript>":
  version: 4.7.4
  resolution: "typescript@patch:typescript@npm%3A4.7.4#~builtin<compat/typescript>::version=4.7.4&hash=f456af"
  bin:
    tsc: bin/tsc
    tsserver: bin/tsserver
  checksum: 9096d8f6c16cb80ef3bf96fcbbd055bf1c4a43bd14f3b7be45a9fbe7ada46ec977f604d5feed3263b4f2aa7d4c7477ce5f9cd87de0d6feedec69a983f3a4f93e
  languageName: node
  linkType: hard

"universalify@npm:^0.1.0":
  version: 0.1.2
  resolution: "universalify@npm:0.1.2"
  checksum: 40cdc60f6e61070fe658ca36016a8f4ec216b29bf04a55dce14e3710cc84c7448538ef4dad3728d0bfe29975ccd7bfb5f414c45e7b78883567fb31b246f02dff
  languageName: node
  linkType: hard

"update-browserslist-db@npm:^1.0.5":
  version: 1.0.5
  resolution: "update-browserslist-db@npm:1.0.5"
  dependencies:
    escalade: ^3.1.1
    picocolors: ^1.0.0
  peerDependencies:
    browserslist: ">= 4.21.0"
  bin:
    browserslist-lint: cli.js
  checksum: 7e425fe5dbbebdccf72a84ce70ec47fc74dce561d28f47bc2b84a1c2b84179a862c2261b18ab66a5e73e261c7e2ef9e11c6129112989d4d52e8f75a56bb923f8
  languageName: node
  linkType: hard

"uri-js@npm:^4.2.2":
  version: 4.4.1
  resolution: "uri-js@npm:4.4.1"
  dependencies:
    punycode: ^2.1.0
  checksum: 7167432de6817fe8e9e0c9684f1d2de2bb688c94388f7569f7dbdb1587c9f4ca2a77962f134ec90be0cc4d004c939ff0d05acc9f34a0db39a3c797dada262633
  languageName: node
  linkType: hard

"utf8-binary-cutter@npm:^0.9.2":
  version: 0.9.2
  resolution: "utf8-binary-cutter@npm:0.9.2"
  dependencies:
    lodash: ^4.17.10
  checksum: 2a8c1c6b422a566e1fd9c4047b7489b6fcbb044cf4f4bb5992621dfe63be54ed286197a14248c1e91bf228d7adbc4072dcb6d84e39f543f91ea3f51019305259
  languageName: node
  linkType: hard

"watchpack@npm:^2.4.0":
  version: 2.4.0
  resolution: "watchpack@npm:2.4.0"
  dependencies:
    glob-to-regexp: ^0.4.1
    graceful-fs: ^4.1.2
  checksum: 23d4bc58634dbe13b86093e01c6a68d8096028b664ab7139d58f0c37d962d549a940e98f2f201cecdabd6f9c340338dc73ef8bf094a2249ef582f35183d1a131
  languageName: node
  linkType: hard

"wcwidth@npm:^1.0.1":
  version: 1.0.1
  resolution: "wcwidth@npm:1.0.1"
  dependencies:
    defaults: ^1.0.3
  checksum: 814e9d1ddcc9798f7377ffa448a5a3892232b9275ebb30a41b529607691c0491de47cba426e917a4d08ded3ee7e9ba2f3fe32e62ee3cd9c7d3bafb7754bd553c
  languageName: node
  linkType: hard

"webpack-sources@npm:^3.2.3":
  version: 3.2.3
  resolution: "webpack-sources@npm:3.2.3"
  checksum: 989e401b9fe3536529e2a99dac8c1bdc50e3a0a2c8669cbafad31271eadd994bc9405f88a3039cd2e29db5e6d9d0926ceb7a1a4e7409ece021fe79c37d9c4607
  languageName: node
  linkType: hard

"webpack@npm:^5.74.0":
  version: 5.74.0
  resolution: "webpack@npm:5.74.0"
  dependencies:
    "@types/eslint-scope": ^3.7.3
    "@types/estree": ^0.0.51
    "@webassemblyjs/ast": 1.11.1
    "@webassemblyjs/wasm-edit": 1.11.1
    "@webassemblyjs/wasm-parser": 1.11.1
    acorn: ^8.7.1
    acorn-import-assertions: ^1.7.6
    browserslist: ^4.14.5
    chrome-trace-event: ^1.0.2
    enhanced-resolve: ^5.10.0
    es-module-lexer: ^0.9.0
    eslint-scope: 5.1.1
    events: ^3.2.0
    glob-to-regexp: ^0.4.1
    graceful-fs: ^4.2.9
    json-parse-even-better-errors: ^2.3.1
    loader-runner: ^4.2.0
    mime-types: ^2.1.27
    neo-async: ^2.6.2
    schema-utils: ^3.1.0
    tapable: ^2.1.1
    terser-webpack-plugin: ^5.1.3
    watchpack: ^2.4.0
    webpack-sources: ^3.2.3
  peerDependenciesMeta:
    webpack-cli:
      optional: true
  bin:
    webpack: bin/webpack.js
  checksum: 320c41369a75051b19e18c63f408b3dcc481852e992f83d311771c5ec0f05f2946385e8ebef62030cf3587f0a3d2f12779ffdb191569a966847289ba7313f946
  languageName: node
  linkType: hard
